// !$*UTF8*$!
{
	archiveVersion = 1;
	classes = {
	};
	objectVersion = 50;
	objects = {

/* Begin PBXBuildFile section */
		F493644426DEC3FF008DC184 /* AppDelegate.swift in Sources */ = {isa = PBXBuildFile; fileRef = F493644326DEC3FF008DC184 /* AppDelegate.swift */; };
		F493644626DEC3FF008DC184 /* SceneDelegate.swift in Sources */ = {isa = PBXBuildFile; fileRef = F493644526DEC3FF008DC184 /* SceneDelegate.swift */; };
		F493644826DEC3FF008DC184 /* AuthViewController.swift in Sources */ = {isa = PBXBuildFile; fileRef = F493644726DEC3FF008DC184 /* AuthViewController.swift */; };
		F493644D26DEC404008DC184 /* Assets.xcassets in Resources */ = {isa = PBXBuildFile; fileRef = F493644C26DEC404008DC184 /* Assets.xcassets */; };
		F493645026DEC404008DC184 /* LaunchScreen.storyboard in Resources */ = {isa = PBXBuildFile; fileRef = F493644E26DEC404008DC184 /* LaunchScreen.storyboard */; };
		F493645826DED3B4008DC184 /* UIButton + Extention.swift in Sources */ = {isa = PBXBuildFile; fileRef = F493645726DED3B4008DC184 /* UIButton + Extention.swift */; };
		F493645A26DED8C3008DC184 /* UIFont + Extention.swift in Sources */ = {isa = PBXBuildFile; fileRef = F493645926DED8C3008DC184 /* UIFont + Extention.swift */; };
		F493645E26DEEFB3008DC184 /* UIViewController + Extention.swift in Sources */ = {isa = PBXBuildFile; fileRef = F493645D26DEEFB3008DC184 /* UIViewController + Extention.swift */; };
		F493646026DEF158008DC184 /* UILabel + Extention.swift in Sources */ = {isa = PBXBuildFile; fileRef = F493645F26DEF158008DC184 /* UILabel + Extention.swift */; };
		F493646226DEF37B008DC184 /* UIImage + Extention.swift in Sources */ = {isa = PBXBuildFile; fileRef = F493646126DEF37B008DC184 /* UIImage + Extention.swift */; };
		F493646626DF005A008DC184 /* ButtonFormView.swift in Sources */ = {isa = PBXBuildFile; fileRef = F493646526DF005A008DC184 /* ButtonFormView.swift */; };
		F493646826DF0E74008DC184 /* UIStackView + Extention.swift in Sources */ = {isa = PBXBuildFile; fileRef = F493646726DF0E74008DC184 /* UIStackView + Extention.swift */; };
		F493646A26DFBC52008DC184 /* SignUpViewController.swift in Sources */ = {isa = PBXBuildFile; fileRef = F493646926DFBC52008DC184 /* SignUpViewController.swift */; };
		F493646C26DFC24E008DC184 /* OneLineTextField.swift in Sources */ = {isa = PBXBuildFile; fileRef = F493646B26DFC24E008DC184 /* OneLineTextField.swift */; };
		F493647226E03A3C008DC184 /* Constants.swift in Sources */ = {isa = PBXBuildFile; fileRef = F493647126E03A3C008DC184 /* Constants.swift */; };
		F493647526E043A3008DC184 /* LoginViewController.swift in Sources */ = {isa = PBXBuildFile; fileRef = F493647426E043A3008DC184 /* LoginViewController.swift */; };
		F493647926E102A1008DC184 /* SetupProfileViewController.swift in Sources */ = {isa = PBXBuildFile; fileRef = F493647826E102A1008DC184 /* SetupProfileViewController.swift */; };
		F493647B26E1072B008DC184 /* AddPhotoView.swift in Sources */ = {isa = PBXBuildFile; fileRef = F493647A26E1072B008DC184 /* AddPhotoView.swift */; };
/* End PBXBuildFile section */

/* Begin PBXFileReference section */
		F493644026DEC3FF008DC184 /* UChat.app */ = {isa = PBXFileReference; explicitFileType = wrapper.application; includeInIndex = 0; path = UChat.app; sourceTree = BUILT_PRODUCTS_DIR; };
		F493644326DEC3FF008DC184 /* AppDelegate.swift */ = {isa = PBXFileReference; lastKnownFileType = sourcecode.swift; path = AppDelegate.swift; sourceTree = "<group>"; };
		F493644526DEC3FF008DC184 /* SceneDelegate.swift */ = {isa = PBXFileReference; lastKnownFileType = sourcecode.swift; path = SceneDelegate.swift; sourceTree = "<group>"; };
		F493644726DEC3FF008DC184 /* AuthViewController.swift */ = {isa = PBXFileReference; lastKnownFileType = sourcecode.swift; path = AuthViewController.swift; sourceTree = "<group>"; };
		F493644C26DEC404008DC184 /* Assets.xcassets */ = {isa = PBXFileReference; lastKnownFileType = folder.assetcatalog; path = Assets.xcassets; sourceTree = "<group>"; };
		F493644F26DEC404008DC184 /* Base */ = {isa = PBXFileReference; lastKnownFileType = file.storyboard; name = Base; path = Base.lproj/LaunchScreen.storyboard; sourceTree = "<group>"; };
		F493645126DEC404008DC184 /* Info.plist */ = {isa = PBXFileReference; lastKnownFileType = text.plist.xml; path = Info.plist; sourceTree = "<group>"; };
		F493645726DED3B4008DC184 /* UIButton + Extention.swift */ = {isa = PBXFileReference; lastKnownFileType = sourcecode.swift; path = "UIButton + Extention.swift"; sourceTree = "<group>"; };
		F493645926DED8C3008DC184 /* UIFont + Extention.swift */ = {isa = PBXFileReference; lastKnownFileType = sourcecode.swift; path = "UIFont + Extention.swift"; sourceTree = "<group>"; };
		F493645D26DEEFB3008DC184 /* UIViewController + Extention.swift */ = {isa = PBXFileReference; lastKnownFileType = sourcecode.swift; path = "UIViewController + Extention.swift"; sourceTree = "<group>"; };
		F493645F26DEF158008DC184 /* UILabel + Extention.swift */ = {isa = PBXFileReference; lastKnownFileType = sourcecode.swift; path = "UILabel + Extention.swift"; sourceTree = "<group>"; };
		F493646126DEF37B008DC184 /* UIImage + Extention.swift */ = {isa = PBXFileReference; lastKnownFileType = sourcecode.swift; path = "UIImage + Extention.swift"; sourceTree = "<group>"; };
		F493646526DF005A008DC184 /* ButtonFormView.swift */ = {isa = PBXFileReference; lastKnownFileType = sourcecode.swift; path = ButtonFormView.swift; sourceTree = "<group>"; };
		F493646726DF0E74008DC184 /* UIStackView + Extention.swift */ = {isa = PBXFileReference; lastKnownFileType = sourcecode.swift; path = "UIStackView + Extention.swift"; sourceTree = "<group>"; };
		F493646926DFBC52008DC184 /* SignUpViewController.swift */ = {isa = PBXFileReference; lastKnownFileType = sourcecode.swift; path = SignUpViewController.swift; sourceTree = "<group>"; };
		F493646B26DFC24E008DC184 /* OneLineTextField.swift */ = {isa = PBXFileReference; lastKnownFileType = sourcecode.swift; path = OneLineTextField.swift; sourceTree = "<group>"; };
		F493647126E03A3C008DC184 /* Constants.swift */ = {isa = PBXFileReference; lastKnownFileType = sourcecode.swift; path = Constants.swift; sourceTree = "<group>"; };
		F493647426E043A3008DC184 /* LoginViewController.swift */ = {isa = PBXFileReference; lastKnownFileType = sourcecode.swift; path = LoginViewController.swift; sourceTree = "<group>"; };
		F493647826E102A1008DC184 /* SetupProfileViewController.swift */ = {isa = PBXFileReference; lastKnownFileType = sourcecode.swift; path = SetupProfileViewController.swift; sourceTree = "<group>"; };
		F493647A26E1072B008DC184 /* AddPhotoView.swift */ = {isa = PBXFileReference; lastKnownFileType = sourcecode.swift; path = AddPhotoView.swift; sourceTree = "<group>"; };
/* End PBXFileReference section */

/* Begin PBXFrameworksBuildPhase section */
		F493643D26DEC3FF008DC184 /* Frameworks */ = {
			isa = PBXFrameworksBuildPhase;
			buildActionMask = 2147483647;
			files = (
			);
			runOnlyForDeploymentPostprocessing = 0;
		};
/* End PBXFrameworksBuildPhase section */

/* Begin PBXGroup section */
		F493643726DEC3FF008DC184 = {
			isa = PBXGroup;
			children = (
				F493644226DEC3FF008DC184 /* UChat */,
				F493644126DEC3FF008DC184 /* Products */,
			);
			sourceTree = "<group>";
		};
		F493644126DEC3FF008DC184 /* Products */ = {
			isa = PBXGroup;
			children = (
				F493644026DEC3FF008DC184 /* UChat.app */,
			);
			name = Products;
			sourceTree = "<group>";
		};
		F493644226DEC3FF008DC184 /* UChat */ = {
			isa = PBXGroup;
			children = (
				F493647326E04381008DC184 /* AppDelegate */,
				F493644726DEC3FF008DC184 /* AuthViewController.swift */,
				F493646926DFBC52008DC184 /* SignUpViewController.swift */,
				F493647426E043A3008DC184 /* LoginViewController.swift */,
				F493647826E102A1008DC184 /* SetupProfileViewController.swift */,
				F493647126E03A3C008DC184 /* Constants.swift */,
				F493646426DEFBC0008DC184 /* Extentions */,
				F493644C26DEC404008DC184 /* Assets.xcassets */,
				F493644E26DEC404008DC184 /* LaunchScreen.storyboard */,
				F493645126DEC404008DC184 /* Info.plist */,
			);
			path = UChat;
			sourceTree = "<group>";
		};
		F493646326DEFBB7008DC184 /* UIKit */ = {
			isa = PBXGroup;
			children = (
				F493645F26DEF158008DC184 /* UILabel + Extention.swift */,
				F493645D26DEEFB3008DC184 /* UIViewController + Extention.swift */,
				F493646126DEF37B008DC184 /* UIImage + Extention.swift */,
				F493645726DED3B4008DC184 /* UIButton + Extention.swift */,
				F493645926DED8C3008DC184 /* UIFont + Extention.swift */,
				F493646726DF0E74008DC184 /* UIStackView + Extention.swift */,
			);
			path = UIKit;
			sourceTree = "<group>";
		};
		F493646426DEFBC0008DC184 /* Extentions */ = {
			isa = PBXGroup;
			children = (
				F493647A26E1072B008DC184 /* AddPhotoView.swift */,
				F493646526DF005A008DC184 /* ButtonFormView.swift */,
				F493646B26DFC24E008DC184 /* OneLineTextField.swift */,
				F493646326DEFBB7008DC184 /* UIKit */,
			);
			path = Extentions;
			sourceTree = "<group>";
		};
		F493647326E04381008DC184 /* AppDelegate */ = {
			isa = PBXGroup;
			children = (
				F493644326DEC3FF008DC184 /* AppDelegate.swift */,
				F493644526DEC3FF008DC184 /* SceneDelegate.swift */,
			);
			path = AppDelegate;
			sourceTree = "<group>";
		};
/* End PBXGroup section */

/* Begin PBXNativeTarget section */
		F493643F26DEC3FF008DC184 /* UChat */ = {
			isa = PBXNativeTarget;
			buildConfigurationList = F493645426DEC404008DC184 /* Build configuration list for PBXNativeTarget "UChat" */;
			buildPhases = (
				F493643C26DEC3FF008DC184 /* Sources */,
				F493643D26DEC3FF008DC184 /* Frameworks */,
				F493643E26DEC3FF008DC184 /* Resources */,
			);
			buildRules = (
			);
			dependencies = (
			);
			name = UChat;
			productName = ChatU;
			productReference = F493644026DEC3FF008DC184 /* UChat.app */;
			productType = "com.apple.product-type.application";
		};
/* End PBXNativeTarget section */

/* Begin PBXProject section */
		F493643826DEC3FF008DC184 /* Project object */ = {
			isa = PBXProject;
			attributes = {
				LastSwiftUpdateCheck = 1250;
				LastUpgradeCheck = 1250;
				TargetAttributes = {
					F493643F26DEC3FF008DC184 = {
						CreatedOnToolsVersion = 12.5.1;
					};
				};
			};
			buildConfigurationList = F493643B26DEC3FF008DC184 /* Build configuration list for PBXProject "UChat" */;
			compatibilityVersion = "Xcode 9.3";
			developmentRegion = en;
			hasScannedForEncodings = 0;
			knownRegions = (
				en,
				Base,
			);
			mainGroup = F493643726DEC3FF008DC184;
			productRefGroup = F493644126DEC3FF008DC184 /* Products */;
			projectDirPath = "";
			projectRoot = "";
			targets = (
				F493643F26DEC3FF008DC184 /* UChat */,
			);
		};
/* End PBXProject section */

/* Begin PBXResourcesBuildPhase section */
		F493643E26DEC3FF008DC184 /* Resources */ = {
			isa = PBXResourcesBuildPhase;
			buildActionMask = 2147483647;
			files = (
				F493645026DEC404008DC184 /* LaunchScreen.storyboard in Resources */,
				F493644D26DEC404008DC184 /* Assets.xcassets in Resources */,
			);
			runOnlyForDeploymentPostprocessing = 0;
		};
/* End PBXResourcesBuildPhase section */

/* Begin PBXSourcesBuildPhase section */
		F493643C26DEC3FF008DC184 /* Sources */ = {
			isa = PBXSourcesBuildPhase;
			buildActionMask = 2147483647;
			files = (
				F493647526E043A3008DC184 /* LoginViewController.swift in Sources */,
				F493646C26DFC24E008DC184 /* OneLineTextField.swift in Sources */,
				F493646A26DFBC52008DC184 /* SignUpViewController.swift in Sources */,
				F493647926E102A1008DC184 /* SetupProfileViewController.swift in Sources */,
				F493645826DED3B4008DC184 /* UIButton + Extention.swift in Sources */,
				F493644826DEC3FF008DC184 /* AuthViewController.swift in Sources */,
				F493644426DEC3FF008DC184 /* AppDelegate.swift in Sources */,
				F493646626DF005A008DC184 /* ButtonFormView.swift in Sources */,
				F493644626DEC3FF008DC184 /* SceneDelegate.swift in Sources */,
				F493645A26DED8C3008DC184 /* UIFont + Extention.swift in Sources */,
				F493646826DF0E74008DC184 /* UIStackView + Extention.swift in Sources */,
				F493647B26E1072B008DC184 /* AddPhotoView.swift in Sources */,
				F493645E26DEEFB3008DC184 /* UIViewController + Extention.swift in Sources */,
				F493647226E03A3C008DC184 /* Constants.swift in Sources */,
				F493646226DEF37B008DC184 /* UIImage + Extention.swift in Sources */,
				F493646026DEF158008DC184 /* UILabel + Extention.swift in Sources */,
			);
			runOnlyForDeploymentPostprocessing = 0;
		};
/* End PBXSourcesBuildPhase section */

/* Begin PBXVariantGroup section */
		F493644E26DEC404008DC184 /* LaunchScreen.storyboard */ = {
			isa = PBXVariantGroup;
			children = (
				F493644F26DEC404008DC184 /* Base */,
			);
			name = LaunchScreen.storyboard;
			sourceTree = "<group>";
		};
/* End PBXVariantGroup section */

/* Begin XCBuildConfiguration section */
		F493645226DEC404008DC184 /* Debug */ = {
			isa = XCBuildConfiguration;
			buildSettings = {
				ALWAYS_SEARCH_USER_PATHS = NO;
				CLANG_ANALYZER_NONNULL = YES;
				CLANG_ANALYZER_NUMBER_OBJECT_CONVERSION = YES_AGGRESSIVE;
				CLANG_CXX_LANGUAGE_STANDARD = "gnu++14";
				CLANG_CXX_LIBRARY = "libc++";
				CLANG_ENABLE_MODULES = YES;
				CLANG_ENABLE_OBJC_ARC = YES;
				CLANG_ENABLE_OBJC_WEAK = YES;
				CLANG_WARN_BLOCK_CAPTURE_AUTORELEASING = YES;
				CLANG_WARN_BOOL_CONVERSION = YES;
				CLANG_WARN_COMMA = YES;
				CLANG_WARN_CONSTANT_CONVERSION = YES;
				CLANG_WARN_DEPRECATED_OBJC_IMPLEMENTATIONS = YES;
				CLANG_WARN_DIRECT_OBJC_ISA_USAGE = YES_ERROR;
				CLANG_WARN_DOCUMENTATION_COMMENTS = YES;
				CLANG_WARN_EMPTY_BODY = YES;
				CLANG_WARN_ENUM_CONVERSION = YES;
				CLANG_WARN_INFINITE_RECURSION = YES;
				CLANG_WARN_INT_CONVERSION = YES;
				CLANG_WARN_NON_LITERAL_NULL_CONVERSION = YES;
				CLANG_WARN_OBJC_IMPLICIT_RETAIN_SELF = YES;
				CLANG_WARN_OBJC_LITERAL_CONVERSION = YES;
				CLANG_WARN_OBJC_ROOT_CLASS = YES_ERROR;
				CLANG_WARN_QUOTED_INCLUDE_IN_FRAMEWORK_HEADER = YES;
				CLANG_WARN_RANGE_LOOP_ANALYSIS = YES;
				CLANG_WARN_STRICT_PROTOTYPES = YES;
				CLANG_WARN_SUSPICIOUS_MOVE = YES;
				CLANG_WARN_UNGUARDED_AVAILABILITY = YES_AGGRESSIVE;
				CLANG_WARN_UNREACHABLE_CODE = YES;
				CLANG_WARN__DUPLICATE_METHOD_MATCH = YES;
				COPY_PHASE_STRIP = NO;
				DEBUG_INFORMATION_FORMAT = dwarf;
				ENABLE_STRICT_OBJC_MSGSEND = YES;
				ENABLE_TESTABILITY = YES;
				GCC_C_LANGUAGE_STANDARD = gnu11;
				GCC_DYNAMIC_NO_PIC = NO;
				GCC_NO_COMMON_BLOCKS = YES;
				GCC_OPTIMIZATION_LEVEL = 0;
				GCC_PREPROCESSOR_DEFINITIONS = (
					"DEBUG=1",
					"$(inherited)",
				);
				GCC_WARN_64_TO_32_BIT_CONVERSION = YES;
				GCC_WARN_ABOUT_RETURN_TYPE = YES_ERROR;
				GCC_WARN_UNDECLARED_SELECTOR = YES;
				GCC_WARN_UNINITIALIZED_AUTOS = YES_AGGRESSIVE;
				GCC_WARN_UNUSED_FUNCTION = YES;
				GCC_WARN_UNUSED_VARIABLE = YES;
				IPHONEOS_DEPLOYMENT_TARGET = 14.5;
				MTL_ENABLE_DEBUG_INFO = INCLUDE_SOURCE;
				MTL_FAST_MATH = YES;
				ONLY_ACTIVE_ARCH = YES;
				SDKROOT = iphoneos;
				SWIFT_ACTIVE_COMPILATION_CONDITIONS = DEBUG;
				SWIFT_OPTIMIZATION_LEVEL = "-Onone";
			};
			name = Debug;
		};
		F493645326DEC404008DC184 /* Release */ = {
			isa = XCBuildConfiguration;
			buildSettings = {
				ALWAYS_SEARCH_USER_PATHS = NO;
				CLANG_ANALYZER_NONNULL = YES;
				CLANG_ANALYZER_NUMBER_OBJECT_CONVERSION = YES_AGGRESSIVE;
				CLANG_CXX_LANGUAGE_STANDARD = "gnu++14";
				CLANG_CXX_LIBRARY = "libc++";
				CLANG_ENABLE_MODULES = YES;
				CLANG_ENABLE_OBJC_ARC = YES;
				CLANG_ENABLE_OBJC_WEAK = YES;
				CLANG_WARN_BLOCK_CAPTURE_AUTORELEASING = YES;
				CLANG_WARN_BOOL_CONVERSION = YES;
				CLANG_WARN_COMMA = YES;
				CLANG_WARN_CONSTANT_CONVERSION = YES;
				CLANG_WARN_DEPRECATED_OBJC_IMPLEMENTATIONS = YES;
				CLANG_WARN_DIRECT_OBJC_ISA_USAGE = YES_ERROR;
				CLANG_WARN_DOCUMENTATION_COMMENTS = YES;
				CLANG_WARN_EMPTY_BODY = YES;
				CLANG_WARN_ENUM_CONVERSION = YES;
				CLANG_WARN_INFINITE_RECURSION = YES;
				CLANG_WARN_INT_CONVERSION = YES;
				CLANG_WARN_NON_LITERAL_NULL_CONVERSION = YES;
				CLANG_WARN_OBJC_IMPLICIT_RETAIN_SELF = YES;
				CLANG_WARN_OBJC_LITERAL_CONVERSION = YES;
				CLANG_WARN_OBJC_ROOT_CLASS = YES_ERROR;
				CLANG_WARN_QUOTED_INCLUDE_IN_FRAMEWORK_HEADER = YES;
				CLANG_WARN_RANGE_LOOP_ANALYSIS = YES;
				CLANG_WARN_STRICT_PROTOTYPES = YES;
				CLANG_WARN_SUSPICIOUS_MOVE = YES;
				CLANG_WARN_UNGUARDED_AVAILABILITY = YES_AGGRESSIVE;
				CLANG_WARN_UNREACHABLE_CODE = YES;
				CLANG_WARN__DUPLICATE_METHOD_MATCH = YES;
				COPY_PHASE_STRIP = NO;
				DEBUG_INFORMATION_FORMAT = "dwarf-with-dsym";
				ENABLE_NS_ASSERTIONS = NO;
				ENABLE_STRICT_OBJC_MSGSEND = YES;
				GCC_C_LANGUAGE_STANDARD = gnu11;
				GCC_NO_COMMON_BLOCKS = YES;
				GCC_WARN_64_TO_32_BIT_CONVERSION = YES;
				GCC_WARN_ABOUT_RETURN_TYPE = YES_ERROR;
				GCC_WARN_UNDECLARED_SELECTOR = YES;
				GCC_WARN_UNINITIALIZED_AUTOS = YES_AGGRESSIVE;
				GCC_WARN_UNUSED_FUNCTION = YES;
				GCC_WARN_UNUSED_VARIABLE = YES;
				IPHONEOS_DEPLOYMENT_TARGET = 14.5;
				MTL_ENABLE_DEBUG_INFO = NO;
				MTL_FAST_MATH = YES;
				SDKROOT = iphoneos;
				SWIFT_COMPILATION_MODE = wholemodule;
				SWIFT_OPTIMIZATION_LEVEL = "-O";
				VALIDATE_PRODUCT = YES;
			};
			name = Release;
		};
		F493645526DEC404008DC184 /* Debug */ = {
			isa = XCBuildConfiguration;
			buildSettings = {
				ASSETCATALOG_COMPILER_APPICON_NAME = AppIcon;
				ASSETCATALOG_COMPILER_GLOBAL_ACCENT_COLOR_NAME = AccentColor;
				CODE_SIGN_STYLE = Automatic;
				DEVELOPMENT_TEAM = MB3D25K85N;
				INFOPLIST_FILE = "$(SRCROOT)/UChat/Info.plist";
				LD_RUNPATH_SEARCH_PATHS = (
					"$(inherited)",
					"@executable_path/Frameworks",
				);
				PRODUCT_BUNDLE_IDENTIFIER = com.medev.UChat;
				PRODUCT_NAME = "$(TARGET_NAME)";
				SWIFT_VERSION = 5.0;
				TARGETED_DEVICE_FAMILY = "1,2";
			};
			name = Debug;
		};
		F493645626DEC404008DC184 /* Release */ = {
			isa = XCBuildConfiguration;
			buildSettings = {
				ASSETCATALOG_COMPILER_APPICON_NAME = AppIcon;
				ASSETCATALOG_COMPILER_GLOBAL_ACCENT_COLOR_NAME = AccentColor;
				CODE_SIGN_STYLE = Automatic;
				DEVELOPMENT_TEAM = MB3D25K85N;
				INFOPLIST_FILE = "$(SRCROOT)/UChat/Info.plist";
				LD_RUNPATH_SEARCH_PATHS = (
					"$(inherited)",
					"@executable_path/Frameworks",
				);
				PRODUCT_BUNDLE_IDENTIFIER = com.medev.UChat;
				PRODUCT_NAME = "$(TARGET_NAME)";
				SWIFT_VERSION = 5.0;
				TARGETED_DEVICE_FAMILY = "1,2";
			};
			name = Release;
		};
/* End XCBuildConfiguration section */

/* Begin XCConfigurationList section */
		F493643B26DEC3FF008DC184 /* Build configuration list for PBXProject "UChat" */ = {
			isa = XCConfigurationList;
			buildConfigurations = (
				F493645226DEC404008DC184 /* Debug */,
				F493645326DEC404008DC184 /* Release */,
			);
			defaultConfigurationIsVisible = 0;
			defaultConfigurationName = Release;
		};
		F493645426DEC404008DC184 /* Build configuration list for PBXNativeTarget "UChat" */ = {
			isa = XCConfigurationList;
			buildConfigurations = (
				F493645526DEC404008DC184 /* Debug */,
				F493645626DEC404008DC184 /* Release */,
			);
			defaultConfigurationIsVisible = 0;
			defaultConfigurationName = Release;
		};
/* End XCConfigurationList section */
	};
	rootObject = F493643826DEC3FF008DC184 /* Project object */;
}
